
Microsoft Visual Studio Solution File, Format Version 12.00
# Visual Studio 15
VisualStudioVersion = 15.0.27428.2005
MinimumVisualStudioVersion = 10.0.40219.1
Project("{FAE04EC0-301F-11D3-BF4B-00C04F79EFBC}") = "TestSystemOnline", "TestSystemOnline\TestSystemOnline.csproj", "{0C5289BA-C223-492A-BA9B-CD0EE4B4593E}"
EndProject
Project("{FAE04EC0-301F-11D3-BF4B-00C04F79EFBC}") = "Model", "Model\Model.csproj", "{5B23292A-A3FF-4C69-BEC0-9B564899F203}"
EndProject
Project("{FAE04EC0-301F-11D3-BF4B-00C04F79EFBC}") = "DAL", "DAL\DAL.csproj", "{7D0BEE6F-3890-433E-92C9-F4D4F385E3F8}"
EndProject
Project("{FAE04EC0-301F-11D3-BF4B-00C04F79EFBC}") = "BLL", "BLL\BLL.csproj", "{590D6033-FDB0-4CCC-B82B-FA85D547A679}"
EndProject
Project("{FAE04EC0-301F-11D3-BF4B-00C04F79EFBC}") = "CommandTools", "CommandTools\CommandTools.csproj", "{A4CE16F0-1B76-4359-A577-FB5E24B81F09}"
EndProject
Global
	GlobalSection(SolutionConfigurationPlatforms) = preSolution
		Debug|Any CPU = Debug|Any CPU
		Release|Any CPU = Release|Any CPU
	EndGlobalSection
	GlobalSection(ProjectConfigurationPlatforms) = postSolution
		{0C5289BA-C223-492A-BA9B-CD0EE4B4593E}.Debug|Any CPU.ActiveCfg = Debug|Any CPU
		{0C5289BA-C223-492A-BA9B-CD0EE4B4593E}.Debug|Any CPU.Build.0 = Debug|Any CPU
		{0C5289BA-C223-492A-BA9B-CD0EE4B4593E}.Release|Any CPU.ActiveCfg = Release|Any CPU
		{0C5289BA-C223-492A-BA9B-CD0EE4B4593E}.Release|Any CPU.Build.0 = Release|Any CPU
		{5B23292A-A3FF-4C69-BEC0-9B564899F203}.Debug|Any CPU.ActiveCfg = Debug|Any CPU
		{5B23292A-A3FF-4C69-BEC0-9B564899F203}.Debug|Any CPU.Build.0 = Debug|Any CPU
		{5B23292A-A3FF-4C69-BEC0-9B564899F203}.Release|Any CPU.ActiveCfg = Release|Any CPU
		{5B23292A-A3FF-4C69-BEC0-9B564899F203}.Release|Any CPU.Build.0 = Release|Any CPU
		{7D0BEE6F-3890-433E-92C9-F4D4F385E3F8}.Debug|Any CPU.ActiveCfg = Debug|Any CPU
		{7D0BEE6F-3890-433E-92C9-F4D4F385E3F8}.Debug|Any CPU.Build.0 = Debug|Any CPU
		{7D0BEE6F-3890-433E-92C9-F4D4F385E3F8}.Release|Any CPU.ActiveCfg = Release|Any CPU
		{7D0BEE6F-3890-433E-92C9-F4D4F385E3F8}.Release|Any CPU.Build.0 = Release|Any CPU
		{590D6033-FDB0-4CCC-B82B-FA85D547A679}.Debug|Any CPU.ActiveCfg = Debug|Any CPU
		{590D6033-FDB0-4CCC-B82B-FA85D547A679}.Debug|Any CPU.Build.0 = Debug|Any CPU
		{590D6033-FDB0-4CCC-B82B-FA85D547A679}.Release|Any CPU.ActiveCfg = Release|Any CPU
		{590D6033-FDB0-4CCC-B82B-FA85D547A679}.Release|Any CPU.Build.0 = Release|Any CPU
		{A4CE16F0-1B76-4359-A577-FB5E24B81F09}.Debug|Any CPU.ActiveCfg = Debug|Any CPU
		{A4CE16F0-1B76-4359-A577-FB5E24B81F09}.Debug|Any CPU.Build.0 = Debug|Any CPU
		{A4CE16F0-1B76-4359-A577-FB5E24B81F09}.Release|Any CPU.ActiveCfg = Release|Any CPU
		{A4CE16F0-1B76-4359-A577-FB5E24B81F09}.Release|Any CPU.Build.0 = Release|Any CPU
	EndGlobalSection
	GlobalSection(SolutionProperties) = preSolution
		HideSolutionNode = FALSE
	EndGlobalSection
	GlobalSection(ExtensibilityGlobals) = postSolution
		SolutionGuid = {FE0395F3-5690-499C-A052-F4211A72FB7B}
	EndGlobalSection
EndGlobal
